
Microsoft Visual Studio Solution File, Format Version 12.00
# Visual Studio Version 17
VisualStudioVersion = 17.3.32825.248
MinimumVisualStudioVersion = 10.0.40219.1
Project("{FAE04EC0-301F-11D3-BF4B-00C04F79EFBC}") = "TariffManagement.Backend", "TariffManagement.Backend\TariffManagement.Backend.csproj", "{2E7270E2-0D8E-4181-9489-BB851E838C5F}"
EndProject
Global
	GlobalSection(SolutionConfigurationPlatforms) = preSolution
		Debug|Any CPU = Debug|Any CPU
		Release|Any CPU = Release|Any CPU
	EndGlobalSection
	GlobalSection(ProjectConfigurationPlatforms) = postSolution
		{2E7270E2-0D8E-4181-9489-BB851E838C5F}.Debug|Any CPU.ActiveCfg = Debug|Any CPU
		{2E7270E2-0D8E-4181-9489-BB851E838C5F}.Debug|Any CPU.Build.0 = Debug|Any CPU
		{2E7270E2-0D8E-4181-9489-BB851E838C5F}.Release|Any CPU.ActiveCfg = Release|Any CPU
		{2E7270E2-0D8E-4181-9489-BB851E838C5F}.Release|Any CPU.Build.0 = Release|Any CPU
	EndGlobalSection
	GlobalSection(SolutionProperties) = preSolution
		HideSolutionNode = FALSE
	EndGlobalSection
	GlobalSection(ExtensibilityGlobals) = postSolution
		SolutionGuid = {00097C6D-8C54-450E-A189-03C41A284053}
	EndGlobalSection
EndGlobal
